
Microsoft Visual Studio Solution File, Format Version 12.00
# Visual Studio Version 17
VisualStudioVersion = 17.1.32319.34
MinimumVisualStudioVersion = 10.0.40219.1
Project("{9A19103F-16F7-4668-BE54-9A1E7A4F7556}") = "ToDoApp.Data", "ToDoApp.Data\ToDoApp.Data.csproj", "{C66B42E1-2749-481F-A20D-CD0E311AFA27}"
EndProject
Project("{9A19103F-16F7-4668-BE54-9A1E7A4F7556}") = "ToDoApp", "ToDoApp\ToDoApp.csproj", "{C3ECE271-7971-4F09-9F61-7A92B1E928A8}"
EndProject
Project("{2150E333-8FDC-42A3-9474-1A3956D46DE8}") = "Solution Items", "Solution Items", "{755CD746-0D22-40A4-A89B-1BADE0D7D168}"
	ProjectSection(SolutionItems) = preProject
		.github\workflows\todo.yml = .github\workflows\todo.yml
	EndProjectSection
EndProject
Global
	GlobalSection(SolutionConfigurationPlatforms) = preSolution
		Debug|Any CPU = Debug|Any CPU
		Release|Any CPU = Release|Any CPU
	EndGlobalSection
	GlobalSection(ProjectConfigurationPlatforms) = postSolution
		{C66B42E1-2749-481F-A20D-CD0E311AFA27}.Debug|Any CPU.ActiveCfg = Debug|Any CPU
		{C66B42E1-2749-481F-A20D-CD0E311AFA27}.Debug|Any CPU.Build.0 = Debug|Any CPU
		{C66B42E1-2749-481F-A20D-CD0E311AFA27}.Release|Any CPU.ActiveCfg = Release|Any CPU
		{C66B42E1-2749-481F-A20D-CD0E311AFA27}.Release|Any CPU.Build.0 = Release|Any CPU
		{C3ECE271-7971-4F09-9F61-7A92B1E928A8}.Debug|Any CPU.ActiveCfg = Debug|Any CPU
		{C3ECE271-7971-4F09-9F61-7A92B1E928A8}.Debug|Any CPU.Build.0 = Debug|Any CPU
		{C3ECE271-7971-4F09-9F61-7A92B1E928A8}.Release|Any CPU.ActiveCfg = Release|Any CPU
		{C3ECE271-7971-4F09-9F61-7A92B1E928A8}.Release|Any CPU.Build.0 = Release|Any CPU
	EndGlobalSection
	GlobalSection(SolutionProperties) = preSolution
		HideSolutionNode = FALSE
	EndGlobalSection
	GlobalSection(ExtensibilityGlobals) = postSolution
		SolutionGuid = {4DE2A4D7-E8CF-4C07-994A-B1DDAECFC47A}
	EndGlobalSection
EndGlobal
